// !$*UTF8*$!
{
	archiveVersion = 1;
	classes = {
	};
	objectVersion = 56;
	objects = {

/* Begin PBXBuildFile section */
		2611EE932BBD8DC4003708D4 /* PalRowView.swift in Sources */ = {isa = PBXBuildFile; fileRef = 2611EE922BBD8DC4003708D4 /* PalRowView.swift */; };
		262A17DF2B90CDCE00806215 /* searchViewModel.swift in Sources */ = {isa = PBXBuildFile; fileRef = 262A17DE2B90CDCE00806215 /* searchViewModel.swift */; };
		262A17E72B90D91900806215 /* BreedingData.swift in Sources */ = {isa = PBXBuildFile; fileRef = 262A17E62B90D91900806215 /* BreedingData.swift */; };
		26438C1D2B674697004A08EA /* PalworldYeonApp.swift in Sources */ = {isa = PBXBuildFile; fileRef = 26438C1C2B674697004A08EA /* PalworldYeonApp.swift */; };
		26438C212B674698004A08EA /* Assets.xcassets in Resources */ = {isa = PBXBuildFile; fileRef = 26438C202B674698004A08EA /* Assets.xcassets */; };
		26438C242B674698004A08EA /* Preview Assets.xcassets in Resources */ = {isa = PBXBuildFile; fileRef = 26438C232B674698004A08EA /* Preview Assets.xcassets */; };
		26438C2D2B6778ED004A08EA /* MapView.swift in Sources */ = {isa = PBXBuildFile; fileRef = 26438C2C2B6778ED004A08EA /* MapView.swift */; };
		2653B55F2B69FD8F00C626A5 /* MatingView.swift in Sources */ = {isa = PBXBuildFile; fileRef = 2653B55E2B69FD8F00C626A5 /* MatingView.swift */; };
		2653B5612B69FDBB00C626A5 /* HomeView.swift in Sources */ = {isa = PBXBuildFile; fileRef = 2653B5602B69FDBB00C626A5 /* HomeView.swift */; };
		2653B5632B69FF1A00C626A5 /* SettingView.swift in Sources */ = {isa = PBXBuildFile; fileRef = 2653B5622B69FF1A00C626A5 /* SettingView.swift */; };
		266382162B9AE2C600E5DF57 /* new_palBreedingData.json in Resources */ = {isa = PBXBuildFile; fileRef = 266382152B9AE2C600E5DF57 /* new_palBreedingData.json */; };
		2675E5DA2B88D9A700635C43 /* ChildPickerView.swift in Sources */ = {isa = PBXBuildFile; fileRef = 2675E5D92B88D9A700635C43 /* ChildPickerView.swift */; };
		2675E5E22B8D07B200635C43 /* SearchFieldViewModel.swift in Sources */ = {isa = PBXBuildFile; fileRef = 2675E5E12B8D07B200635C43 /* SearchFieldViewModel.swift */; };
		26AA30C02BB5729E00351549 /* PalManager.swift in Sources */ = {isa = PBXBuildFile; fileRef = 26AA30BF2BB5729E00351549 /* PalManager.swift */; };
		26AA30C22BB5CC5000351549 /* EmptyMatingView.swift in Sources */ = {isa = PBXBuildFile; fileRef = 26AA30C12BB5CC5000351549 /* EmptyMatingView.swift */; };
		26B65F042BC2D83000490DFC /* PalDexListView.swift in Sources */ = {isa = PBXBuildFile; fileRef = 26B65F032BC2D83000490DFC /* PalDexListView.swift */; };
		26C16A9F2B6D1B3E00597B8F /* GoogleService-Info.plist in Resources */ = {isa = PBXBuildFile; fileRef = 26C16A9E2B6D1B3E00597B8F /* GoogleService-Info.plist */; };
		26C16AA22B6D1C7F00597B8F /* FirebaseAnalytics in Frameworks */ = {isa = PBXBuildFile; productRef = 26C16AA12B6D1C7F00597B8F /* FirebaseAnalytics */; };
		26C16AA42B6D1C7F00597B8F /* FirebaseAnalyticsOnDeviceConversion in Frameworks */ = {isa = PBXBuildFile; productRef = 26C16AA32B6D1C7F00597B8F /* FirebaseAnalyticsOnDeviceConversion */; };
		26C16AA62B6D1C7F00597B8F /* FirebaseAnalyticsSwift in Frameworks */ = {isa = PBXBuildFile; productRef = 26C16AA52B6D1C7F00597B8F /* FirebaseAnalyticsSwift */; };
		26C16AA82B6D1C7F00597B8F /* FirebaseAnalyticsWithoutAdIdSupport in Frameworks */ = {isa = PBXBuildFile; productRef = 26C16AA72B6D1C7F00597B8F /* FirebaseAnalyticsWithoutAdIdSupport */; };
		26C16AAA2B6D1C7F00597B8F /* FirebaseAppCheck in Frameworks */ = {isa = PBXBuildFile; productRef = 26C16AA92B6D1C7F00597B8F /* FirebaseAppCheck */; };
		26C16AAC2B6D1C7F00597B8F /* FirebaseAppDistribution-Beta in Frameworks */ = {isa = PBXBuildFile; productRef = 26C16AAB2B6D1C7F00597B8F /* FirebaseAppDistribution-Beta */; };
		26C16AAE2B6D1C7F00597B8F /* FirebaseAuth in Frameworks */ = {isa = PBXBuildFile; productRef = 26C16AAD2B6D1C7F00597B8F /* FirebaseAuth */; };
		26C16AB02B6D1C7F00597B8F /* FirebaseAuthCombine-Community in Frameworks */ = {isa = PBXBuildFile; productRef = 26C16AAF2B6D1C7F00597B8F /* FirebaseAuthCombine-Community */; };
		26C16AB22B6D1C7F00597B8F /* FirebaseCrashlytics in Frameworks */ = {isa = PBXBuildFile; productRef = 26C16AB12B6D1C7F00597B8F /* FirebaseCrashlytics */; };
		26C16AB42B6D1C7F00597B8F /* FirebaseDatabase in Frameworks */ = {isa = PBXBuildFile; productRef = 26C16AB32B6D1C7F00597B8F /* FirebaseDatabase */; };
		26C16AB62B6D1C7F00597B8F /* FirebaseDatabaseSwift in Frameworks */ = {isa = PBXBuildFile; productRef = 26C16AB52B6D1C7F00597B8F /* FirebaseDatabaseSwift */; };
		26C16AB82B6D1C7F00597B8F /* FirebaseDynamicLinks in Frameworks */ = {isa = PBXBuildFile; productRef = 26C16AB72B6D1C7F00597B8F /* FirebaseDynamicLinks */; };
		26C16ABA2B6D1C7F00597B8F /* FirebaseFirestore in Frameworks */ = {isa = PBXBuildFile; productRef = 26C16AB92B6D1C7F00597B8F /* FirebaseFirestore */; };
		26C16ABC2B6D1C7F00597B8F /* FirebaseFirestoreCombine-Community in Frameworks */ = {isa = PBXBuildFile; productRef = 26C16ABB2B6D1C7F00597B8F /* FirebaseFirestoreCombine-Community */; };
		26C16ABE2B6D1C7F00597B8F /* FirebaseFirestoreSwift in Frameworks */ = {isa = PBXBuildFile; productRef = 26C16ABD2B6D1C7F00597B8F /* FirebaseFirestoreSwift */; };
		26C16AC02B6D1C7F00597B8F /* FirebaseFunctions in Frameworks */ = {isa = PBXBuildFile; productRef = 26C16ABF2B6D1C7F00597B8F /* FirebaseFunctions */; };
		26C16AC22B6D1C7F00597B8F /* FirebaseFunctionsCombine-Community in Frameworks */ = {isa = PBXBuildFile; productRef = 26C16AC12B6D1C7F00597B8F /* FirebaseFunctionsCombine-Community */; };
		26C16AC42B6D1C7F00597B8F /* FirebaseInAppMessaging-Beta in Frameworks */ = {isa = PBXBuildFile; productRef = 26C16AC32B6D1C7F00597B8F /* FirebaseInAppMessaging-Beta */; };
		26C16AC62B6D1C7F00597B8F /* FirebaseInAppMessagingSwift-Beta in Frameworks */ = {isa = PBXBuildFile; productRef = 26C16AC52B6D1C7F00597B8F /* FirebaseInAppMessagingSwift-Beta */; };
		26C16AC82B6D1C7F00597B8F /* FirebaseInstallations in Frameworks */ = {isa = PBXBuildFile; productRef = 26C16AC72B6D1C7F00597B8F /* FirebaseInstallations */; };
		26C16ACA2B6D1C7F00597B8F /* FirebaseMLModelDownloader in Frameworks */ = {isa = PBXBuildFile; productRef = 26C16AC92B6D1C7F00597B8F /* FirebaseMLModelDownloader */; };
		26C16ACC2B6D1C7F00597B8F /* FirebaseMessaging in Frameworks */ = {isa = PBXBuildFile; productRef = 26C16ACB2B6D1C7F00597B8F /* FirebaseMessaging */; };
		26C16ACE2B6D1C7F00597B8F /* FirebasePerformance in Frameworks */ = {isa = PBXBuildFile; productRef = 26C16ACD2B6D1C7F00597B8F /* FirebasePerformance */; };
		26C16AD02B6D1C7F00597B8F /* FirebaseRemoteConfig in Frameworks */ = {isa = PBXBuildFile; productRef = 26C16ACF2B6D1C7F00597B8F /* FirebaseRemoteConfig */; };
		26C16AD22B6D1C7F00597B8F /* FirebaseRemoteConfigSwift in Frameworks */ = {isa = PBXBuildFile; productRef = 26C16AD12B6D1C7F00597B8F /* FirebaseRemoteConfigSwift */; };
		26C16AD42B6D1C7F00597B8F /* FirebaseStorage in Frameworks */ = {isa = PBXBuildFile; productRef = 26C16AD32B6D1C7F00597B8F /* FirebaseStorage */; };
		26C16AD62B6D1C7F00597B8F /* FirebaseStorageCombine-Community in Frameworks */ = {isa = PBXBuildFile; productRef = 26C16AD52B6D1C7F00597B8F /* FirebaseStorageCombine-Community */; };
		26C1B3982B7F9E1200B4D1BC /* PalViewModel.swift in Sources */ = {isa = PBXBuildFile; fileRef = 26C1B3972B7F9E1100B4D1BC /* PalViewModel.swift */; };
		26C1B39A2B7FA04300B4D1BC /* PalDetailView.swift in Sources */ = {isa = PBXBuildFile; fileRef = 26C1B3992B7FA04300B4D1BC /* PalDetailView.swift */; };
		26C1B39E2B7FBED300B4D1BC /* palData.json in Resources */ = {isa = PBXBuildFile; fileRef = 26C1B39D2B7FBED300B4D1BC /* palData.json */; };
		26C1B3A62B7FD29300B4D1BC /* Pal.swift in Sources */ = {isa = PBXBuildFile; fileRef = 26C1B3A52B7FD29300B4D1BC /* Pal.swift */; };
		26DD1EA52B9EEA5B00B9E26B /* ParentsSheetView.swift in Sources */ = {isa = PBXBuildFile; fileRef = 26DD1EA42B9EEA5B00B9E26B /* ParentsSheetView.swift */; };
/* End PBXBuildFile section */

/* Begin PBXFileReference section */
		260AB8802B68D6A200E94820 /* PalworldYeonRelease.entitlements */ = {isa = PBXFileReference; lastKnownFileType = text.plist.entitlements; name = PalworldYeonRelease.entitlements; path = "../../../../Library/Mobile Documents/.Trash/PalworldYeonRelease.entitlements"; sourceTree = "<group>"; };
		2611EE922BBD8DC4003708D4 /* PalRowView.swift */ = {isa = PBXFileReference; lastKnownFileType = sourcecode.swift; path = PalRowView.swift; sourceTree = "<group>"; };
		262A17DE2B90CDCE00806215 /* searchViewModel.swift */ = {isa = PBXFileReference; lastKnownFileType = sourcecode.swift; path = searchViewModel.swift; sourceTree = "<group>"; };
		262A17E62B90D91900806215 /* BreedingData.swift */ = {isa = PBXFileReference; lastKnownFileType = sourcecode.swift; path = BreedingData.swift; sourceTree = "<group>"; };
		26438C192B674697004A08EA /* PalworldYeon.app */ = {isa = PBXFileReference; explicitFileType = wrapper.application; includeInIndex = 0; path = PalworldYeon.app; sourceTree = BUILT_PRODUCTS_DIR; };
		26438C1C2B674697004A08EA /* PalworldYeonApp.swift */ = {isa = PBXFileReference; lastKnownFileType = sourcecode.swift; path = PalworldYeonApp.swift; sourceTree = "<group>"; };
		26438C202B674698004A08EA /* Assets.xcassets */ = {isa = PBXFileReference; lastKnownFileType = folder.assetcatalog; path = Assets.xcassets; sourceTree = "<group>"; };
		26438C232B674698004A08EA /* Preview Assets.xcassets */ = {isa = PBXFileReference; lastKnownFileType = folder.assetcatalog; path = "Preview Assets.xcassets"; sourceTree = "<group>"; };
		26438C2C2B6778ED004A08EA /* MapView.swift */ = {isa = PBXFileReference; lastKnownFileType = sourcecode.swift; path = MapView.swift; sourceTree = "<group>"; };
		2653B55E2B69FD8F00C626A5 /* MatingView.swift */ = {isa = PBXFileReference; lastKnownFileType = sourcecode.swift; path = MatingView.swift; sourceTree = "<group>"; };
		2653B5602B69FDBB00C626A5 /* HomeView.swift */ = {isa = PBXFileReference; lastKnownFileType = sourcecode.swift; path = HomeView.swift; sourceTree = "<group>"; };
		2653B5622B69FF1A00C626A5 /* SettingView.swift */ = {isa = PBXFileReference; lastKnownFileType = sourcecode.swift; path = SettingView.swift; sourceTree = "<group>"; };
		266382152B9AE2C600E5DF57 /* new_palBreedingData.json */ = {isa = PBXFileReference; fileEncoding = 4; lastKnownFileType = text.json; path = new_palBreedingData.json; sourceTree = "<group>"; };
		2675E5D92B88D9A700635C43 /* ChildPickerView.swift */ = {isa = PBXFileReference; lastKnownFileType = sourcecode.swift; path = ChildPickerView.swift; sourceTree = "<group>"; };
		2675E5E12B8D07B200635C43 /* SearchFieldViewModel.swift */ = {isa = PBXFileReference; lastKnownFileType = sourcecode.swift; path = SearchFieldViewModel.swift; sourceTree = "<group>"; };
		26AA30BF2BB5729E00351549 /* PalManager.swift */ = {isa = PBXFileReference; lastKnownFileType = sourcecode.swift; path = PalManager.swift; sourceTree = "<group>"; };
		26AA30C12BB5CC5000351549 /* EmptyMatingView.swift */ = {isa = PBXFileReference; lastKnownFileType = sourcecode.swift; path = EmptyMatingView.swift; sourceTree = "<group>"; };
		26B65F032BC2D83000490DFC /* PalDexListView.swift */ = {isa = PBXFileReference; lastKnownFileType = sourcecode.swift; path = PalDexListView.swift; sourceTree = "<group>"; };
		26C16A9E2B6D1B3E00597B8F /* GoogleService-Info.plist */ = {isa = PBXFileReference; fileEncoding = 4; lastKnownFileType = text.plist.xml; path = "GoogleService-Info.plist"; sourceTree = "<group>"; };
		26C1B3972B7F9E1100B4D1BC /* PalViewModel.swift */ = {isa = PBXFileReference; lastKnownFileType = sourcecode.swift; path = PalViewModel.swift; sourceTree = "<group>"; };
		26C1B3992B7FA04300B4D1BC /* PalDetailView.swift */ = {isa = PBXFileReference; lastKnownFileType = sourcecode.swift; path = PalDetailView.swift; sourceTree = "<group>"; };
		26C1B39D2B7FBED300B4D1BC /* palData.json */ = {isa = PBXFileReference; fileEncoding = 4; lastKnownFileType = text.json; name = palData.json; path = PalworldYeon/ViewModels/palData.json; sourceTree = "<group>"; };
		26C1B3A52B7FD29300B4D1BC /* Pal.swift */ = {isa = PBXFileReference; lastKnownFileType = sourcecode.swift; path = Pal.swift; sourceTree = "<group>"; };
		26D998C32B86397D000FEAA1 /* palData.json */ = {isa = PBXFileReference; fileEncoding = 4; lastKnownFileType = text.json; path = palData.json; sourceTree = "<group>"; };
		26DD1EA42B9EEA5B00B9E26B /* ParentsSheetView.swift */ = {isa = PBXFileReference; lastKnownFileType = sourcecode.swift; path = ParentsSheetView.swift; sourceTree = "<group>"; };
		26FAC6EE2B68CAE800E560F5 /* PalworldYeon.entitlements */ = {isa = PBXFileReference; lastKnownFileType = text.plist.entitlements; path = PalworldYeon.entitlements; sourceTree = "<group>"; };
/* End PBXFileReference section */

/* Begin PBXFrameworksBuildPhase section */
		26438C162B674697004A08EA /* Frameworks */ = {
			isa = PBXFrameworksBuildPhase;
			buildActionMask = 2147483647;
			files = (
				26C16AB42B6D1C7F00597B8F /* FirebaseDatabase in Frameworks */,
				26C16AC22B6D1C7F00597B8F /* FirebaseFunctionsCombine-Community in Frameworks */,
				26C16ABA2B6D1C7F00597B8F /* FirebaseFirestore in Frameworks */,
				26C16AA62B6D1C7F00597B8F /* FirebaseAnalyticsSwift in Frameworks */,
				26C16AA22B6D1C7F00597B8F /* FirebaseAnalytics in Frameworks */,
				26C16AA42B6D1C7F00597B8F /* FirebaseAnalyticsOnDeviceConversion in Frameworks */,
				26C16ACA2B6D1C7F00597B8F /* FirebaseMLModelDownloader in Frameworks */,
				26C16ABE2B6D1C7F00597B8F /* FirebaseFirestoreSwift in Frameworks */,
				26C16AAA2B6D1C7F00597B8F /* FirebaseAppCheck in Frameworks */,
				26C16AA82B6D1C7F00597B8F /* FirebaseAnalyticsWithoutAdIdSupport in Frameworks */,
				26C16AAE2B6D1C7F00597B8F /* FirebaseAuth in Frameworks */,
				26C16AB22B6D1C7F00597B8F /* FirebaseCrashlytics in Frameworks */,
				26C16AD22B6D1C7F00597B8F /* FirebaseRemoteConfigSwift in Frameworks */,
				26C16AC42B6D1C7F00597B8F /* FirebaseInAppMessaging-Beta in Frameworks */,
				26C16AB62B6D1C7F00597B8F /* FirebaseDatabaseSwift in Frameworks */,
				26C16AC02B6D1C7F00597B8F /* FirebaseFunctions in Frameworks */,
				26C16AD62B6D1C7F00597B8F /* FirebaseStorageCombine-Community in Frameworks */,
				26C16AD02B6D1C7F00597B8F /* FirebaseRemoteConfig in Frameworks */,
				26C16AAC2B6D1C7F00597B8F /* FirebaseAppDistribution-Beta in Frameworks */,
				26C16AB02B6D1C7F00597B8F /* FirebaseAuthCombine-Community in Frameworks */,
				26C16ACE2B6D1C7F00597B8F /* FirebasePerformance in Frameworks */,
				26C16AC62B6D1C7F00597B8F /* FirebaseInAppMessagingSwift-Beta in Frameworks */,
				26C16AD42B6D1C7F00597B8F /* FirebaseStorage in Frameworks */,
				26C16AB82B6D1C7F00597B8F /* FirebaseDynamicLinks in Frameworks */,
				26C16ABC2B6D1C7F00597B8F /* FirebaseFirestoreCombine-Community in Frameworks */,
				26C16ACC2B6D1C7F00597B8F /* FirebaseMessaging in Frameworks */,
				26C16AC82B6D1C7F00597B8F /* FirebaseInstallations in Frameworks */,
			);
			runOnlyForDeploymentPostprocessing = 0;
		};
/* End PBXFrameworksBuildPhase section */

/* Begin PBXGroup section */
		26438C102B674697004A08EA = {
			isa = PBXGroup;
			children = (
				26C1B39D2B7FBED300B4D1BC /* palData.json */,
				26C16A9E2B6D1B3E00597B8F /* GoogleService-Info.plist */,
				26438C1C2B674697004A08EA /* PalworldYeonApp.swift */,
				26438C1B2B674697004A08EA /* PalworldYeon */,
				26438C1A2B674697004A08EA /* Products */,
			);
			sourceTree = "<group>";
		};
		26438C1A2B674697004A08EA /* Products */ = {
			isa = PBXGroup;
			children = (
				26438C192B674697004A08EA /* PalworldYeon.app */,
			);
			name = Products;
			sourceTree = "<group>";
		};
		26438C1B2B674697004A08EA /* PalworldYeon */ = {
			isa = PBXGroup;
			children = (
				2653B55A2B69F9DF00C626A5 /* Utilities */,
				2653B5592B69F9D800C626A5 /* Extensions */,
				2653B5582B69F9CC00C626A5 /* Services */,
				2653B5572B69F9C000C626A5 /* Models */,
				2653B5562B69F9AA00C626A5 /* ViewModels */,
				2653B5552B69F98600C626A5 /* Views */,
				26FAC6EE2B68CAE800E560F5 /* PalworldYeon.entitlements */,
				260AB8802B68D6A200E94820 /* PalworldYeonRelease.entitlements */,
				26438C202B674698004A08EA /* Assets.xcassets */,
				26438C222B674698004A08EA /* Preview Content */,
			);
			path = PalworldYeon;
			sourceTree = "<group>";
		};
		26438C222B674698004A08EA /* Preview Content */ = {
			isa = PBXGroup;
			children = (
				26438C232B674698004A08EA /* Preview Assets.xcassets */,
			);
			path = "Preview Content";
			sourceTree = "<group>";
		};
		2653B5552B69F98600C626A5 /* Views */ = {
			isa = PBXGroup;
			children = (
				2653B5602B69FDBB00C626A5 /* HomeView.swift */,
				26B65F022BC2D81000490DFC /* PalDexViews */,
				2611EE922BBD8DC4003708D4 /* PalRowView.swift */,
				26B65F012BC2D53500490DFC /* MatingViews */,
				26438C2C2B6778ED004A08EA /* MapView.swift */,
				2653B5622B69FF1A00C626A5 /* SettingView.swift */,
				2675E5D92B88D9A700635C43 /* ChildPickerView.swift */,
			);
			path = Views;
			sourceTree = "<group>";
		};
		2653B5562B69F9AA00C626A5 /* ViewModels */ = {
			isa = PBXGroup;
			children = (
				26D998C32B86397D000FEAA1 /* palData.json */,
				266382152B9AE2C600E5DF57 /* new_palBreedingData.json */,
				26C1B3972B7F9E1100B4D1BC /* PalViewModel.swift */,
				2675E5E12B8D07B200635C43 /* SearchFieldViewModel.swift */,
				262A17DE2B90CDCE00806215 /* searchViewModel.swift */,
			);
			path = ViewModels;
			sourceTree = "<group>";
		};
		2653B5572B69F9C000C626A5 /* Models */ = {
			isa = PBXGroup;
			children = (
				26C1B3A52B7FD29300B4D1BC /* Pal.swift */,
				262A17E62B90D91900806215 /* BreedingData.swift */,
				26AA30BF2BB5729E00351549 /* PalManager.swift */,
			);
			path = Models;
			sourceTree = "<group>";
		};
		2653B5582B69F9CC00C626A5 /* Services */ = {
			isa = PBXGroup;
			children = (
			);
			path = Services;
			sourceTree = "<group>";
		};
		2653B5592B69F9D800C626A5 /* Extensions */ = {
			isa = PBXGroup;
			children = (
			);
			path = Extensions;
			sourceTree = "<group>";
		};
		2653B55A2B69F9DF00C626A5 /* Utilities */ = {
			isa = PBXGroup;
			children = (
			);
			path = Utilities;
			sourceTree = "<group>";
		};
		26B65F012BC2D53500490DFC /* MatingViews */ = {
			isa = PBXGroup;
			children = (
				26DD1EA42B9EEA5B00B9E26B /* ParentsSheetView.swift */,
				26AA30C12BB5CC5000351549 /* EmptyMatingView.swift */,
				2653B55E2B69FD8F00C626A5 /* MatingView.swift */,
			);
			path = MatingViews;
			sourceTree = "<group>";
		};
		26B65F022BC2D81000490DFC /* PalDexViews */ = {
			isa = PBXGroup;
			children = (
				26C1B3992B7FA04300B4D1BC /* PalDetailView.swift */,
				26B65F032BC2D83000490DFC /* PalDexListView.swift */,
			);
			path = PalDexViews;
			sourceTree = "<group>";
		};
/* End PBXGroup section */

/* Begin PBXNativeTarget section */
		26438C182B674697004A08EA /* PalworldYeon */ = {
			isa = PBXNativeTarget;
			buildConfigurationList = 26438C272B674698004A08EA /* Build configuration list for PBXNativeTarget "PalworldYeon" */;
			buildPhases = (
				26438C152B674697004A08EA /* Sources */,
				26438C162B674697004A08EA /* Frameworks */,
				26438C172B674697004A08EA /* Resources */,
			);
			buildRules = (
			);
			dependencies = (
			);
			name = PalworldYeon;
			packageProductDependencies = (
				26C16AA12B6D1C7F00597B8F /* FirebaseAnalytics */,
				26C16AA32B6D1C7F00597B8F /* FirebaseAnalyticsOnDeviceConversion */,
				26C16AA52B6D1C7F00597B8F /* FirebaseAnalyticsSwift */,
				26C16AA72B6D1C7F00597B8F /* FirebaseAnalyticsWithoutAdIdSupport */,
				26C16AA92B6D1C7F00597B8F /* FirebaseAppCheck */,
				26C16AAB2B6D1C7F00597B8F /* FirebaseAppDistribution-Beta */,
				26C16AAD2B6D1C7F00597B8F /* FirebaseAuth */,
				26C16AAF2B6D1C7F00597B8F /* FirebaseAuthCombine-Community */,
				26C16AB12B6D1C7F00597B8F /* FirebaseCrashlytics */,
				26C16AB32B6D1C7F00597B8F /* FirebaseDatabase */,
				26C16AB52B6D1C7F00597B8F /* FirebaseDatabaseSwift */,
				26C16AB72B6D1C7F00597B8F /* FirebaseDynamicLinks */,
				26C16AB92B6D1C7F00597B8F /* FirebaseFirestore */,
				26C16ABB2B6D1C7F00597B8F /* FirebaseFirestoreCombine-Community */,
				26C16ABD2B6D1C7F00597B8F /* FirebaseFirestoreSwift */,
				26C16ABF2B6D1C7F00597B8F /* FirebaseFunctions */,
				26C16AC12B6D1C7F00597B8F /* FirebaseFunctionsCombine-Community */,
				26C16AC32B6D1C7F00597B8F /* FirebaseInAppMessaging-Beta */,
				26C16AC52B6D1C7F00597B8F /* FirebaseInAppMessagingSwift-Beta */,
				26C16AC72B6D1C7F00597B8F /* FirebaseInstallations */,
				26C16AC92B6D1C7F00597B8F /* FirebaseMLModelDownloader */,
				26C16ACB2B6D1C7F00597B8F /* FirebaseMessaging */,
				26C16ACD2B6D1C7F00597B8F /* FirebasePerformance */,
				26C16ACF2B6D1C7F00597B8F /* FirebaseRemoteConfig */,
				26C16AD12B6D1C7F00597B8F /* FirebaseRemoteConfigSwift */,
				26C16AD32B6D1C7F00597B8F /* FirebaseStorage */,
				26C16AD52B6D1C7F00597B8F /* FirebaseStorageCombine-Community */,
			);
			productName = PalworldYeon;
			productReference = 26438C192B674697004A08EA /* PalworldYeon.app */;
			productType = "com.apple.product-type.application";
		};
/* End PBXNativeTarget section */

/* Begin PBXProject section */
		26438C112B674697004A08EA /* Project object */ = {
			isa = PBXProject;
			attributes = {
				BuildIndependentTargetsInParallel = 1;
				LastSwiftUpdateCheck = 1520;
				LastUpgradeCheck = 1520;
				TargetAttributes = {
					26438C182B674697004A08EA = {
						CreatedOnToolsVersion = 15.2;
					};
				};
			};
			buildConfigurationList = 26438C142B674697004A08EA /* Build configuration list for PBXProject "PalworldYeon" */;
			compatibilityVersion = "Xcode 14.0";
			developmentRegion = en;
			hasScannedForEncodings = 0;
			knownRegions = (
				en,
				Base,
			);
			mainGroup = 26438C102B674697004A08EA;
			packageReferences = (
				26C16AA02B6D1C7F00597B8F /* XCRemoteSwiftPackageReference "firebase-ios-sdk" */,
			);
			productRefGroup = 26438C1A2B674697004A08EA /* Products */;
			projectDirPath = "";
			projectRoot = "";
			targets = (
				26438C182B674697004A08EA /* PalworldYeon */,
			);
		};
/* End PBXProject section */

/* Begin PBXResourcesBuildPhase section */
		26438C172B674697004A08EA /* Resources */ = {
			isa = PBXResourcesBuildPhase;
			buildActionMask = 2147483647;
			files = (
				26438C242B674698004A08EA /* Preview Assets.xcassets in Resources */,
				26438C212B674698004A08EA /* Assets.xcassets in Resources */,
				266382162B9AE2C600E5DF57 /* new_palBreedingData.json in Resources */,
				26C16A9F2B6D1B3E00597B8F /* GoogleService-Info.plist in Resources */,
				26C1B39E2B7FBED300B4D1BC /* palData.json in Resources */,
			);
			runOnlyForDeploymentPostprocessing = 0;
		};
/* End PBXResourcesBuildPhase section */

/* Begin PBXSourcesBuildPhase section */
		26438C152B674697004A08EA /* Sources */ = {
			isa = PBXSourcesBuildPhase;
			buildActionMask = 2147483647;
			files = (
				262A17E72B90D91900806215 /* BreedingData.swift in Sources */,
				26438C2D2B6778ED004A08EA /* MapView.swift in Sources */,
				26C1B39A2B7FA04300B4D1BC /* PalDetailView.swift in Sources */,
				2675E5E22B8D07B200635C43 /* SearchFieldViewModel.swift in Sources */,
				26B65F042BC2D83000490DFC /* PalDexListView.swift in Sources */,
				2675E5DA2B88D9A700635C43 /* ChildPickerView.swift in Sources */,
				26438C1D2B674697004A08EA /* PalworldYeonApp.swift in Sources */,
				2653B55F2B69FD8F00C626A5 /* MatingView.swift in Sources */,
				26C1B3982B7F9E1200B4D1BC /* PalViewModel.swift in Sources */,
				26C1B3A62B7FD29300B4D1BC /* Pal.swift in Sources */,
				26DD1EA52B9EEA5B00B9E26B /* ParentsSheetView.swift in Sources */,
				2611EE932BBD8DC4003708D4 /* PalRowView.swift in Sources */,
				262A17DF2B90CDCE00806215 /* searchViewModel.swift in Sources */,
				2653B5632B69FF1A00C626A5 /* SettingView.swift in Sources */,
				26AA30C02BB5729E00351549 /* PalManager.swift in Sources */,
				2653B5612B69FDBB00C626A5 /* HomeView.swift in Sources */,
				26AA30C22BB5CC5000351549 /* EmptyMatingView.swift in Sources */,
			);
			runOnlyForDeploymentPostprocessing = 0;
		};
/* End PBXSourcesBuildPhase section */

/* Begin XCBuildConfiguration section */
		26438C252B674698004A08EA /* Debug */ = {
			isa = XCBuildConfiguration;
			buildSettings = {
				ALWAYS_SEARCH_USER_PATHS = NO;
				ASSETCATALOG_COMPILER_GENERATE_SWIFT_ASSET_SYMBOL_EXTENSIONS = YES;
				CLANG_ANALYZER_NONNULL = YES;
				CLANG_ANALYZER_NUMBER_OBJECT_CONVERSION = YES_AGGRESSIVE;
				CLANG_CXX_LANGUAGE_STANDARD = "gnu++20";
				CLANG_ENABLE_MODULES = YES;
				CLANG_ENABLE_OBJC_ARC = YES;
				CLANG_ENABLE_OBJC_WEAK = YES;
				CLANG_WARN_BLOCK_CAPTURE_AUTORELEASING = YES;
				CLANG_WARN_BOOL_CONVERSION = YES;
				CLANG_WARN_COMMA = YES;
				CLANG_WARN_CONSTANT_CONVERSION = YES;
				CLANG_WARN_DEPRECATED_OBJC_IMPLEMENTATIONS = YES;
				CLANG_WARN_DIRECT_OBJC_ISA_USAGE = YES_ERROR;
				CLANG_WARN_DOCUMENTATION_COMMENTS = YES;
				CLANG_WARN_EMPTY_BODY = YES;
				CLANG_WARN_ENUM_CONVERSION = YES;
				CLANG_WARN_INFINITE_RECURSION = YES;
				CLANG_WARN_INT_CONVERSION = YES;
				CLANG_WARN_NON_LITERAL_NULL_CONVERSION = YES;
				CLANG_WARN_OBJC_IMPLICIT_RETAIN_SELF = YES;
				CLANG_WARN_OBJC_LITERAL_CONVERSION = YES;
				CLANG_WARN_OBJC_ROOT_CLASS = YES_ERROR;
				CLANG_WARN_QUOTED_INCLUDE_IN_FRAMEWORK_HEADER = YES;
				CLANG_WARN_RANGE_LOOP_ANALYSIS = YES;
				CLANG_WARN_STRICT_PROTOTYPES = YES;
				CLANG_WARN_SUSPICIOUS_MOVE = YES;
				CLANG_WARN_UNGUARDED_AVAILABILITY = YES_AGGRESSIVE;
				CLANG_WARN_UNREACHABLE_CODE = YES;
				CLANG_WARN__DUPLICATE_METHOD_MATCH = YES;
				COPY_PHASE_STRIP = NO;
				DEBUG_INFORMATION_FORMAT = dwarf;
				ENABLE_STRICT_OBJC_MSGSEND = YES;
				ENABLE_TESTABILITY = YES;
				ENABLE_USER_SCRIPT_SANDBOXING = YES;
				GCC_C_LANGUAGE_STANDARD = gnu17;
				GCC_DYNAMIC_NO_PIC = NO;
				GCC_NO_COMMON_BLOCKS = YES;
				GCC_OPTIMIZATION_LEVEL = 0;
				GCC_PREPROCESSOR_DEFINITIONS = (
					"DEBUG=1",
					"$(inherited)",
				);
				GCC_WARN_64_TO_32_BIT_CONVERSION = YES;
				GCC_WARN_ABOUT_RETURN_TYPE = YES_ERROR;
				GCC_WARN_UNDECLARED_SELECTOR = YES;
				GCC_WARN_UNINITIALIZED_AUTOS = YES_AGGRESSIVE;
				GCC_WARN_UNUSED_FUNCTION = YES;
				GCC_WARN_UNUSED_VARIABLE = YES;
				IPHONEOS_DEPLOYMENT_TARGET = 17.2;
				LOCALIZATION_PREFERS_STRING_CATALOGS = YES;
				MTL_ENABLE_DEBUG_INFO = INCLUDE_SOURCE;
				MTL_FAST_MATH = YES;
				ONLY_ACTIVE_ARCH = YES;
				SDKROOT = iphoneos;
				SWIFT_ACTIVE_COMPILATION_CONDITIONS = "DEBUG $(inherited)";
				SWIFT_OPTIMIZATION_LEVEL = "-Onone";
			};
			name = Debug;
		};
		26438C262B674698004A08EA /* Release */ = {
			isa = XCBuildConfiguration;
			buildSettings = {
				ALWAYS_SEARCH_USER_PATHS = NO;
				ASSETCATALOG_COMPILER_GENERATE_SWIFT_ASSET_SYMBOL_EXTENSIONS = YES;
				CLANG_ANALYZER_NONNULL = YES;
				CLANG_ANALYZER_NUMBER_OBJECT_CONVERSION = YES_AGGRESSIVE;
				CLANG_CXX_LANGUAGE_STANDARD = "gnu++20";
				CLANG_ENABLE_MODULES = YES;
				CLANG_ENABLE_OBJC_ARC = YES;
				CLANG_ENABLE_OBJC_WEAK = YES;
				CLANG_WARN_BLOCK_CAPTURE_AUTORELEASING = YES;
				CLANG_WARN_BOOL_CONVERSION = YES;
				CLANG_WARN_COMMA = YES;
				CLANG_WARN_CONSTANT_CONVERSION = YES;
				CLANG_WARN_DEPRECATED_OBJC_IMPLEMENTATIONS = YES;
				CLANG_WARN_DIRECT_OBJC_ISA_USAGE = YES_ERROR;
				CLANG_WARN_DOCUMENTATION_COMMENTS = YES;
				CLANG_WARN_EMPTY_BODY = YES;
				CLANG_WARN_ENUM_CONVERSION = YES;
				CLANG_WARN_INFINITE_RECURSION = YES;
				CLANG_WARN_INT_CONVERSION = YES;
				CLANG_WARN_NON_LITERAL_NULL_CONVERSION = YES;
				CLANG_WARN_OBJC_IMPLICIT_RETAIN_SELF = YES;
				CLANG_WARN_OBJC_LITERAL_CONVERSION = YES;
				CLANG_WARN_OBJC_ROOT_CLASS = YES_ERROR;
				CLANG_WARN_QUOTED_INCLUDE_IN_FRAMEWORK_HEADER = YES;
				CLANG_WARN_RANGE_LOOP_ANALYSIS = YES;
				CLANG_WARN_STRICT_PROTOTYPES = YES;
				CLANG_WARN_SUSPICIOUS_MOVE = YES;
				CLANG_WARN_UNGUARDED_AVAILABILITY = YES_AGGRESSIVE;
				CLANG_WARN_UNREACHABLE_CODE = YES;
				CLANG_WARN__DUPLICATE_METHOD_MATCH = YES;
				COPY_PHASE_STRIP = NO;
				DEBUG_INFORMATION_FORMAT = "dwarf-with-dsym";
				ENABLE_NS_ASSERTIONS = NO;
				ENABLE_STRICT_OBJC_MSGSEND = YES;
				ENABLE_USER_SCRIPT_SANDBOXING = YES;
				GCC_C_LANGUAGE_STANDARD = gnu17;
				GCC_NO_COMMON_BLOCKS = YES;
				GCC_WARN_64_TO_32_BIT_CONVERSION = YES;
				GCC_WARN_ABOUT_RETURN_TYPE = YES_ERROR;
				GCC_WARN_UNDECLARED_SELECTOR = YES;
				GCC_WARN_UNINITIALIZED_AUTOS = YES_AGGRESSIVE;
				GCC_WARN_UNUSED_FUNCTION = YES;
				GCC_WARN_UNUSED_VARIABLE = YES;
				IPHONEOS_DEPLOYMENT_TARGET = 17.2;
				LOCALIZATION_PREFERS_STRING_CATALOGS = YES;
				MTL_ENABLE_DEBUG_INFO = NO;
				MTL_FAST_MATH = YES;
				SDKROOT = iphoneos;
				SWIFT_COMPILATION_MODE = wholemodule;
				VALIDATE_PRODUCT = YES;
			};
			name = Release;
		};
		26438C282B674698004A08EA /* Debug */ = {
			isa = XCBuildConfiguration;
			buildSettings = {
				ASSETCATALOG_COMPILER_APPICON_NAME = AppIcon;
				ASSETCATALOG_COMPILER_GLOBAL_ACCENT_COLOR_NAME = AccentColor;
				CODE_SIGN_ENTITLEMENTS = PalworldYeon/PalworldYeon.entitlements;
				CODE_SIGN_IDENTITY = "Apple Development";
				CODE_SIGN_STYLE = Automatic;
				CURRENT_PROJECT_VERSION = 1;
				DEVELOPMENT_ASSET_PATHS = "\"PalworldYeon/Preview Content\"";
				DEVELOPMENT_TEAM = QPDX8WU9YL;
				ENABLE_PREVIEWS = YES;
				GENERATE_INFOPLIST_FILE = YES;
				INFOPLIST_KEY_LSApplicationCategoryType = "public.app-category.games";
				INFOPLIST_KEY_UIApplicationSceneManifest_Generation = YES;
				INFOPLIST_KEY_UIApplicationSupportsIndirectInputEvents = YES;
				INFOPLIST_KEY_UILaunchScreen_Generation = YES;
				INFOPLIST_KEY_UISupportedInterfaceOrientations_iPad = "UIInterfaceOrientationPortrait UIInterfaceOrientationPortraitUpsideDown UIInterfaceOrientationLandscapeLeft UIInterfaceOrientationLandscapeRight";
				INFOPLIST_KEY_UISupportedInterfaceOrientations_iPhone = "UIInterfaceOrientationPortrait UIInterfaceOrientationLandscapeLeft UIInterfaceOrientationLandscapeRight";
				LD_RUNPATH_SEARCH_PATHS = (
					"$(inherited)",
					"@executable_path/Frameworks",
				);
				MARKETING_VERSION = 1.0;
				PRODUCT_BUNDLE_IDENTIFIER = yeon.PalworldYeon;
				PRODUCT_NAME = "$(TARGET_NAME)";
				PROVISIONING_PROFILE_SPECIFIER = "";
				SWIFT_EMIT_LOC_STRINGS = YES;
				SWIFT_VERSION = 5.0;
				TARGETED_DEVICE_FAMILY = "1,2";
			};
			name = Debug;
		};
		26438C292B674698004A08EA /* Release */ = {
			isa = XCBuildConfiguration;
			buildSettings = {
				ASSETCATALOG_COMPILER_APPICON_NAME = AppIcon;
				ASSETCATALOG_COMPILER_GLOBAL_ACCENT_COLOR_NAME = AccentColor;
				CODE_SIGN_ENTITLEMENTS = PalworldYeon/PalworldYeonRelease.entitlements;
				CODE_SIGN_IDENTITY = "Apple Development";
				"CODE_SIGN_IDENTITY[sdk=iphoneos*]" = "iPhone Developer";
				CODE_SIGN_STYLE = Manual;
				CURRENT_PROJECT_VERSION = 1;
				DEVELOPMENT_ASSET_PATHS = "\"PalworldYeon/Preview Content\"";
				DEVELOPMENT_TEAM = "";
				"DEVELOPMENT_TEAM[sdk=iphoneos*]" = QPDX8WU9YL;
				ENABLE_PREVIEWS = YES;
				GENERATE_INFOPLIST_FILE = YES;
				INFOPLIST_KEY_LSApplicationCategoryType = "public.app-category.games";
				INFOPLIST_KEY_UIApplicationSceneManifest_Generation = YES;
				INFOPLIST_KEY_UIApplicationSupportsIndirectInputEvents = YES;
				INFOPLIST_KEY_UILaunchScreen_Generation = YES;
				INFOPLIST_KEY_UISupportedInterfaceOrientations_iPad = "UIInterfaceOrientationPortrait UIInterfaceOrientationPortraitUpsideDown UIInterfaceOrientationLandscapeLeft UIInterfaceOrientationLandscapeRight";
				INFOPLIST_KEY_UISupportedInterfaceOrientations_iPhone = "UIInterfaceOrientationPortrait UIInterfaceOrientationLandscapeLeft UIInterfaceOrientationLandscapeRight";
				LD_RUNPATH_SEARCH_PATHS = (
					"$(inherited)",
					"@executable_path/Frameworks",
				);
				MARKETING_VERSION = 1.0;
				PRODUCT_BUNDLE_IDENTIFIER = yeon.PalworldYeon;
				PRODUCT_NAME = "$(TARGET_NAME)";
				PROVISIONING_PROFILE_SPECIFIER = "";
				"PROVISIONING_PROFILE_SPECIFIER[sdk=iphoneos*]" = KyeoungYeonLee;
				SWIFT_EMIT_LOC_STRINGS = YES;
				SWIFT_VERSION = 5.0;
				TARGETED_DEVICE_FAMILY = "1,2";
			};
			name = Release;
		};
/* End XCBuildConfiguration section */

/* Begin XCConfigurationList section */
		26438C142B674697004A08EA /* Build configuration list for PBXProject "PalworldYeon" */ = {
			isa = XCConfigurationList;
			buildConfigurations = (
				26438C252B674698004A08EA /* Debug */,
				26438C262B674698004A08EA /* Release */,
			);
			defaultConfigurationIsVisible = 0;
			defaultConfigurationName = Release;
		};
		26438C272B674698004A08EA /* Build configuration list for PBXNativeTarget "PalworldYeon" */ = {
			isa = XCConfigurationList;
			buildConfigurations = (
				26438C282B674698004A08EA /* Debug */,
				26438C292B674698004A08EA /* Release */,
			);
			defaultConfigurationIsVisible = 0;
			defaultConfigurationName = Release;
		};
/* End XCConfigurationList section */

/* Begin XCRemoteSwiftPackageReference section */
		26C16AA02B6D1C7F00597B8F /* XCRemoteSwiftPackageReference "firebase-ios-sdk" */ = {
			isa = XCRemoteSwiftPackageReference;
			repositoryURL = "https://github.com/firebase/firebase-ios-sdk";
			requirement = {
				kind = upToNextMajorVersion;
				minimumVersion = 10.20.0;
			};
		};
/* End XCRemoteSwiftPackageReference section */

/* Begin XCSwiftPackageProductDependency section */
		26C16AA12B6D1C7F00597B8F /* FirebaseAnalytics */ = {
			isa = XCSwiftPackageProductDependency;
			package = 26C16AA02B6D1C7F00597B8F /* XCRemoteSwiftPackageReference "firebase-ios-sdk" */;
			productName = FirebaseAnalytics;
		};
		26C16AA32B6D1C7F00597B8F /* FirebaseAnalyticsOnDeviceConversion */ = {
			isa = XCSwiftPackageProductDependency;
			package = 26C16AA02B6D1C7F00597B8F /* XCRemoteSwiftPackageReference "firebase-ios-sdk" */;
			productName = FirebaseAnalyticsOnDeviceConversion;
		};
		26C16AA52B6D1C7F00597B8F /* FirebaseAnalyticsSwift */ = {
			isa = XCSwiftPackageProductDependency;
			package = 26C16AA02B6D1C7F00597B8F /* XCRemoteSwiftPackageReference "firebase-ios-sdk" */;
			productName = FirebaseAnalyticsSwift;
		};
		26C16AA72B6D1C7F00597B8F /* FirebaseAnalyticsWithoutAdIdSupport */ = {
			isa = XCSwiftPackageProductDependency;
			package = 26C16AA02B6D1C7F00597B8F /* XCRemoteSwiftPackageReference "firebase-ios-sdk" */;
			productName = FirebaseAnalyticsWithoutAdIdSupport;
		};
		26C16AA92B6D1C7F00597B8F /* FirebaseAppCheck */ = {
			isa = XCSwiftPackageProductDependency;
			package = 26C16AA02B6D1C7F00597B8F /* XCRemoteSwiftPackageReference "firebase-ios-sdk" */;
			productName = FirebaseAppCheck;
		};
		26C16AAB2B6D1C7F00597B8F /* FirebaseAppDistribution-Beta */ = {
			isa = XCSwiftPackageProductDependency;
			package = 26C16AA02B6D1C7F00597B8F /* XCRemoteSwiftPackageReference "firebase-ios-sdk" */;
			productName = "FirebaseAppDistribution-Beta";
		};
		26C16AAD2B6D1C7F00597B8F /* FirebaseAuth */ = {
			isa = XCSwiftPackageProductDependency;
			package = 26C16AA02B6D1C7F00597B8F /* XCRemoteSwiftPackageReference "firebase-ios-sdk" */;
			productName = FirebaseAuth;
		};
		26C16AAF2B6D1C7F00597B8F /* FirebaseAuthCombine-Community */ = {
			isa = XCSwiftPackageProductDependency;
			package = 26C16AA02B6D1C7F00597B8F /* XCRemoteSwiftPackageReference "firebase-ios-sdk" */;
			productName = "FirebaseAuthCombine-Community";
		};
		26C16AB12B6D1C7F00597B8F /* FirebaseCrashlytics */ = {
			isa = XCSwiftPackageProductDependency;
			package = 26C16AA02B6D1C7F00597B8F /* XCRemoteSwiftPackageReference "firebase-ios-sdk" */;
			productName = FirebaseCrashlytics;
		};
		26C16AB32B6D1C7F00597B8F /* FirebaseDatabase */ = {
			isa = XCSwiftPackageProductDependency;
			package = 26C16AA02B6D1C7F00597B8F /* XCRemoteSwiftPackageReference "firebase-ios-sdk" */;
			productName = FirebaseDatabase;
		};
		26C16AB52B6D1C7F00597B8F /* FirebaseDatabaseSwift */ = {
			isa = XCSwiftPackageProductDependency;
			package = 26C16AA02B6D1C7F00597B8F /* XCRemoteSwiftPackageReference "firebase-ios-sdk" */;
			productName = FirebaseDatabaseSwift;
		};
		26C16AB72B6D1C7F00597B8F /* FirebaseDynamicLinks */ = {
			isa = XCSwiftPackageProductDependency;
			package = 26C16AA02B6D1C7F00597B8F /* XCRemoteSwiftPackageReference "firebase-ios-sdk" */;
			productName = FirebaseDynamicLinks;
		};
		26C16AB92B6D1C7F00597B8F /* FirebaseFirestore */ = {
			isa = XCSwiftPackageProductDependency;
			package = 26C16AA02B6D1C7F00597B8F /* XCRemoteSwiftPackageReference "firebase-ios-sdk" */;
			productName = FirebaseFirestore;
		};
		26C16ABB2B6D1C7F00597B8F /* FirebaseFirestoreCombine-Community */ = {
			isa = XCSwiftPackageProductDependency;
			package = 26C16AA02B6D1C7F00597B8F /* XCRemoteSwiftPackageReference "firebase-ios-sdk" */;
			productName = "FirebaseFirestoreCombine-Community";
		};
		26C16ABD2B6D1C7F00597B8F /* FirebaseFirestoreSwift */ = {
			isa = XCSwiftPackageProductDependency;
			package = 26C16AA02B6D1C7F00597B8F /* XCRemoteSwiftPackageReference "firebase-ios-sdk" */;
			productName = FirebaseFirestoreSwift;
		};
		26C16ABF2B6D1C7F00597B8F /* FirebaseFunctions */ = {
			isa = XCSwiftPackageProductDependency;
			package = 26C16AA02B6D1C7F00597B8F /* XCRemoteSwiftPackageReference "firebase-ios-sdk" */;
			productName = FirebaseFunctions;
		};
		26C16AC12B6D1C7F00597B8F /* FirebaseFunctionsCombine-Community */ = {
			isa = XCSwiftPackageProductDependency;
			package = 26C16AA02B6D1C7F00597B8F /* XCRemoteSwiftPackageReference "firebase-ios-sdk" */;
			productName = "FirebaseFunctionsCombine-Community";
		};
		26C16AC32B6D1C7F00597B8F /* FirebaseInAppMessaging-Beta */ = {
			isa = XCSwiftPackageProductDependency;
			package = 26C16AA02B6D1C7F00597B8F /* XCRemoteSwiftPackageReference "firebase-ios-sdk" */;
			productName = "FirebaseInAppMessaging-Beta";
		};
		26C16AC52B6D1C7F00597B8F /* FirebaseInAppMessagingSwift-Beta */ = {
			isa = XCSwiftPackageProductDependency;
			package = 26C16AA02B6D1C7F00597B8F /* XCRemoteSwiftPackageReference "firebase-ios-sdk" */;
			productName = "FirebaseInAppMessagingSwift-Beta";
		};
		26C16AC72B6D1C7F00597B8F /* FirebaseInstallations */ = {
			isa = XCSwiftPackageProductDependency;
			package = 26C16AA02B6D1C7F00597B8F /* XCRemoteSwiftPackageReference "firebase-ios-sdk" */;
			productName = FirebaseInstallations;
		};
		26C16AC92B6D1C7F00597B8F /* FirebaseMLModelDownloader */ = {
			isa = XCSwiftPackageProductDependency;
			package = 26C16AA02B6D1C7F00597B8F /* XCRemoteSwiftPackageReference "firebase-ios-sdk" */;
			productName = FirebaseMLModelDownloader;
		};
		26C16ACB2B6D1C7F00597B8F /* FirebaseMessaging */ = {
			isa = XCSwiftPackageProductDependency;
			package = 26C16AA02B6D1C7F00597B8F /* XCRemoteSwiftPackageReference "firebase-ios-sdk" */;
			productName = FirebaseMessaging;
		};
		26C16ACD2B6D1C7F00597B8F /* FirebasePerformance */ = {
			isa = XCSwiftPackageProductDependency;
			package = 26C16AA02B6D1C7F00597B8F /* XCRemoteSwiftPackageReference "firebase-ios-sdk" */;
			productName = FirebasePerformance;
		};
		26C16ACF2B6D1C7F00597B8F /* FirebaseRemoteConfig */ = {
			isa = XCSwiftPackageProductDependency;
			package = 26C16AA02B6D1C7F00597B8F /* XCRemoteSwiftPackageReference "firebase-ios-sdk" */;
			productName = FirebaseRemoteConfig;
		};
		26C16AD12B6D1C7F00597B8F /* FirebaseRemoteConfigSwift */ = {
			isa = XCSwiftPackageProductDependency;
			package = 26C16AA02B6D1C7F00597B8F /* XCRemoteSwiftPackageReference "firebase-ios-sdk" */;
			productName = FirebaseRemoteConfigSwift;
		};
		26C16AD32B6D1C7F00597B8F /* FirebaseStorage */ = {
			isa = XCSwiftPackageProductDependency;
			package = 26C16AA02B6D1C7F00597B8F /* XCRemoteSwiftPackageReference "firebase-ios-sdk" */;
			productName = FirebaseStorage;
		};
		26C16AD52B6D1C7F00597B8F /* FirebaseStorageCombine-Community */ = {
			isa = XCSwiftPackageProductDependency;
			package = 26C16AA02B6D1C7F00597B8F /* XCRemoteSwiftPackageReference "firebase-ios-sdk" */;
			productName = "FirebaseStorageCombine-Community";
		};
/* End XCSwiftPackageProductDependency section */
	};
	rootObject = 26438C112B674697004A08EA /* Project object */;
}
